{
  "lockfileVersion": 1,
  "workspaces": {
    "": {
      "name": "qhotkeys",
      "dependencies": {
        "uiohook-napi": "^1.5.4",
      },
      "devDependencies": {
        "@types/node": "^22.1.0",
        "typescript": "^5.5.4",
      },
    },
  },
  "packages": {
    "@types/node": ["@types/node@22.1.0", "", { "dependencies": { "undici-types": "~6.13.0" } }, "sha512-AOmuRF0R2/5j1knA3c6G3HOk523Ga+l+ZXltX8SF1+5oqcXijjfTd8fY3XRZqSihEu9XhtQnKYLmkFaoxgsJHw=="],

    "node-gyp-build": ["node-gyp-build@4.6.0", "", { "bin": { "node-gyp-build": "bin.js", "node-gyp-build-optional": "optional.js", "node-gyp-build-test": "build-test.js" } }, "sha512-NTZVKn9IylLwUzaKjkas1e4u2DLNcV4rdYagA4PWdPwW87Bi7z+BznyKSRwS/761tV/lzCGXplWsiaMjLqP2zQ=="],

    "typescript": ["typescript@5.5.4", "", { "bin": { "tsc": "bin/tsc", "tsserver": "bin/tsserver" } }, "sha512-Mtq29sKDAEYP7aljRgtPOpTvOfbwRWlS6dPRzwjdE+C0R4brX/GUyhHSecbHMFLNBLcJIPt9nl9yG5TZ1weH+Q=="],

    "uiohook-napi": ["uiohook-napi@1.5.4", "", { "dependencies": { "node-gyp-build": "4.x.x" } }, "sha512-7vPVDNwgb6MwTgviA/dnF2MrW0X5xm76fAqaOAC3cEKkswqAZOPw1USu14Sr6383s5qhXegcJaR63CpJOPCNAg=="],

    "undici-types": ["undici-types@6.13.0", "", {}, "sha512-xtFJHudx8S2DSoujjMd1WeWvn7KKWFRESZTMeL1RptAYERu29D6jphMjjY+vn96jvN3kVPDNxU/E13VTaXj6jg=="],
  }
}
