{
  "name": "qhotkeys",
  "version": "1.0.0",
  "lockfileVersion": 3,
  "requires": true,
  "packages": {
    "": {
      "name": "qhotkeys",
      "version": "1.0.0",
      "license": "GNU",
      "dependencies": {
        "uiohook-napi": "^1.5.0"
      },
      "devDependencies": {
        "@types/node": "^20.3.1",
        "typescript": "^5.1.3"
      }
    },
    "node_modules/@types/node": {
      "version": "20.3.1",
      "resolved": "https://registry.npmjs.org/@types/node/-/node-20.3.1.tgz",
      "integrity": "sha512-EhcH/wvidPy1WeML3TtYFGR83UzjxeWRen9V402T8aUGYsCHOmfoisV3ZSg03gAFIbLq8TnWOJ0f4cALtnSEUg==",
      "dev": true
    },
    "node_modules/node-gyp-build": {
      "version": "4.6.0",
      "resolved": "https://registry.npmjs.org/node-gyp-build/-/node-gyp-build-4.6.0.tgz",
      "integrity": "sha512-NTZVKn9IylLwUzaKjkas1e4u2DLNcV4rdYagA4PWdPwW87Bi7z+BznyKSRwS/761tV/lzCGXplWsiaMjLqP2zQ==",
      "bin": {
        "node-gyp-build": "bin.js",
        "node-gyp-build-optional": "optional.js",
        "node-gyp-build-test": "build-test.js"
      }
    },
    "node_modules/typescript": {
      "version": "5.1.3",
      "resolved": "https://registry.npmjs.org/typescript/-/typescript-5.1.3.tgz",
      "integrity": "sha512-XH627E9vkeqhlZFQuL+UsyAXEnibT0kWR2FWONlr4sTjvxyJYnyefgrkyECLzM5NenmKzRAy2rR/OlYLA1HkZw==",
      "dev": true,
      "bin": {
        "tsc": "bin/tsc",
        "tsserver": "bin/tsserver"
      },
      "engines": {
        "node": ">=14.17"
      }
    },
    "node_modules/uiohook-napi": {
      "version": "1.5.0",
      "resolved": "https://registry.npmjs.org/uiohook-napi/-/uiohook-napi-1.5.0.tgz",
      "integrity": "sha512-/bqSKDCfPxgUyFPPOqf6yTBCF4g8KjRihdpJLnQgFF0RTYVVG3w1KVCVpdDJSN5is8jqKUjjYKEiPZaYiuca9g==",
      "hasInstallScript": true,
      "dependencies": {
        "node-gyp-build": "4.x.x"
      },
      "engines": {
        "node": ">= 16"
      }
    }
  }
}
